// !$*UTF8*$!
{
	archiveVersion = 1;
	classes = {
	};
	objectVersion = 56;
	objects = {

/* Begin PBXBuildFile section */
		463D46142CEE998C00140EC3 /* Assets.xcassets in Resources */ = {isa = PBXBuildFile; fileRef = 463D46132CEE998C00140EC3 /* Assets.xcassets */; };
		463D46172CEE998C00140EC3 /* Preview Assets.xcassets in Resources */ = {isa = PBXBuildFile; fileRef = 463D46162CEE998C00140EC3 /* Preview Assets.xcassets */; };
		463D46222CEE998D00140EC3 /* SettingsDemoTests.swift in Sources */ = {isa = PBXBuildFile; fileRef = 463D46212CEE998D00140EC3 /* SettingsDemoTests.swift */; };
		463D462C2CEE998D00140EC3 /* SettingsDemoUITests.swift in Sources */ = {isa = PBXBuildFile; fileRef = 463D462B2CEE998D00140EC3 /* SettingsDemoUITests.swift */; };
		463D462E2CEE998D00140EC3 /* SettingsDemoUITestsLaunchTests.swift in Sources */ = {isa = PBXBuildFile; fileRef = 463D462D2CEE998D00140EC3 /* SettingsDemoUITestsLaunchTests.swift */; };
		463D463C2CEE9AE600140EC3 /* SettingsDemoApp.swift in Sources */ = {isa = PBXBuildFile; fileRef = 463D463A2CEE9AE600140EC3 /* SettingsDemoApp.swift */; };
		463D463D2CEE9AE600140EC3 /* ContentView.swift in Sources */ = {isa = PBXBuildFile; fileRef = 463D463B2CEE9AE600140EC3 /* ContentView.swift */; };
/* End PBXBuildFile section */

/* Begin PBXContainerItemProxy section */
		463D461E2CEE998D00140EC3 /* PBXContainerItemProxy */ = {
			isa = PBXContainerItemProxy;
			containerPortal = 463D46042CEE998A00140EC3 /* Project object */;
			proxyType = 1;
			remoteGlobalIDString = 463D460B2CEE998A00140EC3;
			remoteInfo = SettingsDemo;
		};
		463D46282CEE998D00140EC3 /* PBXContainerItemProxy */ = {
			isa = PBXContainerItemProxy;
			containerPortal = 463D46042CEE998A00140EC3 /* Project object */;
			proxyType = 1;
			remoteGlobalIDString = 463D460B2CEE998A00140EC3;
			remoteInfo = SettingsDemo;
		};
/* End PBXContainerItemProxy section */

/* Begin PBXFileReference section */
		463D460C2CEE998A00140EC3 /* SettingsDemo.app */ = {isa = PBXFileReference; explicitFileType = wrapper.application; includeInIndex = 0; path = SettingsDemo.app; sourceTree = BUILT_PRODUCTS_DIR; };
		463D46132CEE998C00140EC3 /* Assets.xcassets */ = {isa = PBXFileReference; lastKnownFileType = folder.assetcatalog; path = Assets.xcassets; sourceTree = "<group>"; };
		463D46162CEE998C00140EC3 /* Preview Assets.xcassets */ = {isa = PBXFileReference; lastKnownFileType = folder.assetcatalog; path = "Preview Assets.xcassets"; sourceTree = "<group>"; };
		463D46182CEE998C00140EC3 /* SettingsDemo.entitlements */ = {isa = PBXFileReference; lastKnownFileType = text.plist.entitlements; path = SettingsDemo.entitlements; sourceTree = "<group>"; };
		463D461D2CEE998D00140EC3 /* SettingsDemoTests.xctest */ = {isa = PBXFileReference; explicitFileType = wrapper.cfbundle; includeInIndex = 0; path = SettingsDemoTests.xctest; sourceTree = BUILT_PRODUCTS_DIR; };
		463D46212CEE998D00140EC3 /* SettingsDemoTests.swift */ = {isa = PBXFileReference; lastKnownFileType = sourcecode.swift; path = SettingsDemoTests.swift; sourceTree = "<group>"; };
		463D46272CEE998D00140EC3 /* SettingsDemoUITests.xctest */ = {isa = PBXFileReference; explicitFileType = wrapper.cfbundle; includeInIndex = 0; path = SettingsDemoUITests.xctest; sourceTree = BUILT_PRODUCTS_DIR; };
		463D462B2CEE998D00140EC3 /* SettingsDemoUITests.swift */ = {isa = PBXFileReference; lastKnownFileType = sourcecode.swift; path = SettingsDemoUITests.swift; sourceTree = "<group>"; };
		463D462D2CEE998D00140EC3 /* SettingsDemoUITestsLaunchTests.swift */ = {isa = PBXFileReference; lastKnownFileType = sourcecode.swift; path = SettingsDemoUITestsLaunchTests.swift; sourceTree = "<group>"; };
		463D463A2CEE9AE600140EC3 /* SettingsDemoApp.swift */ = {isa = PBXFileReference; fileEncoding = 4; lastKnownFileType = sourcecode.swift; path = SettingsDemoApp.swift; sourceTree = "<group>"; };
		463D463B2CEE9AE600140EC3 /* ContentView.swift */ = {isa = PBXFileReference; fileEncoding = 4; lastKnownFileType = sourcecode.swift; path = ContentView.swift; sourceTree = "<group>"; };
/* End PBXFileReference section */

/* Begin PBXFrameworksBuildPhase section */
		463D46092CEE998A00140EC3 /* Frameworks */ = {
			isa = PBXFrameworksBuildPhase;
			buildActionMask = 2147483647;
			files = (
			);
			runOnlyForDeploymentPostprocessing = 0;
		};
		463D461A2CEE998D00140EC3 /* Frameworks */ = {
			isa = PBXFrameworksBuildPhase;
			buildActionMask = 2147483647;
			files = (
			);
			runOnlyForDeploymentPostprocessing = 0;
		};
		463D46242CEE998D00140EC3 /* Frameworks */ = {
			isa = PBXFrameworksBuildPhase;
			buildActionMask = 2147483647;
			files = (
			);
			runOnlyForDeploymentPostprocessing = 0;
		};
/* End PBXFrameworksBuildPhase section */

/* Begin PBXGroup section */
		463D46032CEE998A00140EC3 = {
			isa = PBXGroup;
			children = (
				463D460E2CEE998A00140EC3 /* SettingsDemo */,
				463D46202CEE998D00140EC3 /* SettingsDemoTests */,
				463D462A2CEE998D00140EC3 /* SettingsDemoUITests */,
				463D460D2CEE998A00140EC3 /* Products */,
			);
			sourceTree = "<group>";
		};
		463D460D2CEE998A00140EC3 /* Products */ = {
			isa = PBXGroup;
			children = (
				463D460C2CEE998A00140EC3 /* SettingsDemo.app */,
				463D461D2CEE998D00140EC3 /* SettingsDemoTests.xctest */,
				463D46272CEE998D00140EC3 /* SettingsDemoUITests.xctest */,
			);
			name = Products;
			sourceTree = "<group>";
		};
		463D460E2CEE998A00140EC3 /* SettingsDemo */ = {
			isa = PBXGroup;
			children = (
				463D463B2CEE9AE600140EC3 /* ContentView.swift */,
				463D463A2CEE9AE600140EC3 /* SettingsDemoApp.swift */,
				463D46132CEE998C00140EC3 /* Assets.xcassets */,
				463D46182CEE998C00140EC3 /* SettingsDemo.entitlements */,
				463D46152CEE998C00140EC3 /* Preview Content */,
			);
			path = SettingsDemo;
			sourceTree = "<group>";
		};
		463D46152CEE998C00140EC3 /* Preview Content */ = {
			isa = PBXGroup;
			children = (
				463D46162CEE998C00140EC3 /* Preview Assets.xcassets */,
			);
			path = "Preview Content";
			sourceTree = "<group>";
		};
		463D46202CEE998D00140EC3 /* SettingsDemoTests */ = {
			isa = PBXGroup;
			children = (
				463D46212CEE998D00140EC3 /* SettingsDemoTests.swift */,
			);
			path = SettingsDemoTests;
			sourceTree = "<group>";
		};
		463D462A2CEE998D00140EC3 /* SettingsDemoUITests */ = {
			isa = PBXGroup;
			children = (
				463D462B2CEE998D00140EC3 /* SettingsDemoUITests.swift */,
				463D462D2CEE998D00140EC3 /* SettingsDemoUITestsLaunchTests.swift */,
			);
			path = SettingsDemoUITests;
			sourceTree = "<group>";
		};
/* End PBXGroup section */

/* Begin PBXNativeTarget section */
		463D460B2CEE998A00140EC3 /* SettingsDemo */ = {
			isa = PBXNativeTarget;
			buildConfigurationList = 463D46312CEE998D00140EC3 /* Build configuration list for PBXNativeTarget "SettingsDemo" */;
			buildPhases = (
				463D463E2CEE9AF300140EC3 /* ShellScript */,
				463D46082CEE998A00140EC3 /* Sources */,
				463D46092CEE998A00140EC3 /* Frameworks */,
				463D460A2CEE998A00140EC3 /* Resources */,
			);
			buildRules = (
			);
			dependencies = (
			);
			name = SettingsDemo;
			productName = SettingsDemo;
			productReference = 463D460C2CEE998A00140EC3 /* SettingsDemo.app */;
			productType = "com.apple.product-type.application";
		};
		463D461C2CEE998D00140EC3 /* SettingsDemoTests */ = {
			isa = PBXNativeTarget;
			buildConfigurationList = 463D46342CEE998D00140EC3 /* Build configuration list for PBXNativeTarget "SettingsDemoTests" */;
			buildPhases = (
				463D46192CEE998D00140EC3 /* Sources */,
				463D461A2CEE998D00140EC3 /* Frameworks */,
				463D461B2CEE998D00140EC3 /* Resources */,
			);
			buildRules = (
			);
			dependencies = (
				463D461F2CEE998D00140EC3 /* PBXTargetDependency */,
			);
			name = SettingsDemoTests;
			productName = SettingsDemoTests;
			productReference = 463D461D2CEE998D00140EC3 /* SettingsDemoTests.xctest */;
			productType = "com.apple.product-type.bundle.unit-test";
		};
		463D46262CEE998D00140EC3 /* SettingsDemoUITests */ = {
			isa = PBXNativeTarget;
			buildConfigurationList = 463D46372CEE998D00140EC3 /* Build configuration list for PBXNativeTarget "SettingsDemoUITests" */;
			buildPhases = (
				463D46232CEE998D00140EC3 /* Sources */,
				463D46242CEE998D00140EC3 /* Frameworks */,
				463D46252CEE998D00140EC3 /* Resources */,
			);
			buildRules = (
			);
			dependencies = (
				463D46292CEE998D00140EC3 /* PBXTargetDependency */,
			);
			name = SettingsDemoUITests;
			productName = SettingsDemoUITests;
			productReference = 463D46272CEE998D00140EC3 /* SettingsDemoUITests.xctest */;
			productType = "com.apple.product-type.bundle.ui-testing";
		};
/* End PBXNativeTarget section */

/* Begin PBXProject section */
		463D46042CEE998A00140EC3 /* Project object */ = {
			isa = PBXProject;
			attributes = {
				BuildIndependentTargetsInParallel = 1;
				LastSwiftUpdateCheck = 1540;
				LastUpgradeCheck = 1540;
				TargetAttributes = {
					463D460B2CEE998A00140EC3 = {
						CreatedOnToolsVersion = 15.4;
						LastSwiftMigration = 1540;
					};
					463D461C2CEE998D00140EC3 = {
						CreatedOnToolsVersion = 15.4;
						TestTargetID = 463D460B2CEE998A00140EC3;
					};
					463D46262CEE998D00140EC3 = {
						CreatedOnToolsVersion = 15.4;
						TestTargetID = 463D460B2CEE998A00140EC3;
					};
				};
			};
			buildConfigurationList = 463D46072CEE998A00140EC3 /* Build configuration list for PBXProject "SettingsDemo" */;
			compatibilityVersion = "Xcode 14.0";
			developmentRegion = en;
			hasScannedForEncodings = 0;
			knownRegions = (
				en,
				Base,
			);
			mainGroup = 463D46032CEE998A00140EC3;
			productRefGroup = 463D460D2CEE998A00140EC3 /* Products */;
			projectDirPath = "";
			projectRoot = "";
			targets = (
				463D460B2CEE998A00140EC3 /* SettingsDemo */,
				463D461C2CEE998D00140EC3 /* SettingsDemoTests */,
				463D46262CEE998D00140EC3 /* SettingsDemoUITests */,
			);
		};
/* End PBXProject section */

/* Begin PBXResourcesBuildPhase section */
		463D460A2CEE998A00140EC3 /* Resources */ = {
			isa = PBXResourcesBuildPhase;
			buildActionMask = 2147483647;
			files = (
				463D46172CEE998C00140EC3 /* Preview Assets.xcassets in Resources */,
				463D46142CEE998C00140EC3 /* Assets.xcassets in Resources */,
			);
			runOnlyForDeploymentPostprocessing = 0;
		};
		463D461B2CEE998D00140EC3 /* Resources */ = {
			isa = PBXResourcesBuildPhase;
			buildActionMask = 2147483647;
			files = (
			);
			runOnlyForDeploymentPostprocessing = 0;
		};
		463D46252CEE998D00140EC3 /* Resources */ = {
			isa = PBXResourcesBuildPhase;
			buildActionMask = 2147483647;
			files = (
			);
			runOnlyForDeploymentPostprocessing = 0;
		};
/* End PBXResourcesBuildPhase section */

/* Begin PBXShellScriptBuildPhase section */
		463D463E2CEE9AF300140EC3 /* ShellScript */ = {
			isa = PBXShellScriptBuildPhase;
			buildActionMask = 2147483647;
			files = (
			);
			inputFileListPaths = (
			);
			inputPaths = (
			);
			outputFileListPaths = (
			);
			outputPaths = (
			);
			runOnlyForDeploymentPostprocessing = 0;
			shellPath = /bin/sh;
			shellScript = "\"$SRCROOT/../gradlew\" -p \"$SRCROOT/../shared\" \":shared:embedAndSignSharedAppleFrameworkForXcode\" --stacktrace\n";
		};
/* End PBXShellScriptBuildPhase section */

/* Begin PBXSourcesBuildPhase section */
		463D46082CEE998A00140EC3 /* Sources */ = {
			isa = PBXSourcesBuildPhase;
			buildActionMask = 2147483647;
			files = (
				463D463D2CEE9AE600140EC3 /* ContentView.swift in Sources */,
				463D463C2CEE9AE600140EC3 /* SettingsDemoApp.swift in Sources */,
			);
			runOnlyForDeploymentPostprocessing = 0;
		};
		463D46192CEE998D00140EC3 /* Sources */ = {
			isa = PBXSourcesBuildPhase;
			buildActionMask = 2147483647;
			files = (
				463D46222CEE998D00140EC3 /* SettingsDemoTests.swift in Sources */,
			);
			runOnlyForDeploymentPostprocessing = 0;
		};
		463D46232CEE998D00140EC3 /* Sources */ = {
			isa = PBXSourcesBuildPhase;
			buildActionMask = 2147483647;
			files = (
				463D462E2CEE998D00140EC3 /* SettingsDemoUITestsLaunchTests.swift in Sources */,
				463D462C2CEE998D00140EC3 /* SettingsDemoUITests.swift in Sources */,
			);
			runOnlyForDeploymentPostprocessing = 0;
		};
/* End PBXSourcesBuildPhase section */

/* Begin PBXTargetDependency section */
		463D461F2CEE998D00140EC3 /* PBXTargetDependency */ = {
			isa = PBXTargetDependency;
			target = 463D460B2CEE998A00140EC3 /* SettingsDemo */;
			targetProxy = 463D461E2CEE998D00140EC3 /* PBXContainerItemProxy */;
		};
		463D46292CEE998D00140EC3 /* PBXTargetDependency */ = {
			isa = PBXTargetDependency;
			target = 463D460B2CEE998A00140EC3 /* SettingsDemo */;
			targetProxy = 463D46282CEE998D00140EC3 /* PBXContainerItemProxy */;
		};
/* End PBXTargetDependency section */

/* Begin XCBuildConfiguration section */
		463D462F2CEE998D00140EC3 /* Debug */ = {
			isa = XCBuildConfiguration;
			buildSettings = {
				ALWAYS_SEARCH_USER_PATHS = NO;
				ASSETCATALOG_COMPILER_GENERATE_SWIFT_ASSET_SYMBOL_EXTENSIONS = YES;
				CLANG_ANALYZER_NONNULL = YES;
				CLANG_ANALYZER_NUMBER_OBJECT_CONVERSION = YES_AGGRESSIVE;
				CLANG_CXX_LANGUAGE_STANDARD = "gnu++20";
				CLANG_ENABLE_MODULES = YES;
				CLANG_ENABLE_OBJC_ARC = YES;
				CLANG_ENABLE_OBJC_WEAK = YES;
				CLANG_WARN_BLOCK_CAPTURE_AUTORELEASING = YES;
				CLANG_WARN_BOOL_CONVERSION = YES;
				CLANG_WARN_COMMA = YES;
				CLANG_WARN_CONSTANT_CONVERSION = YES;
				CLANG_WARN_DEPRECATED_OBJC_IMPLEMENTATIONS = YES;
				CLANG_WARN_DIRECT_OBJC_ISA_USAGE = YES_ERROR;
				CLANG_WARN_DOCUMENTATION_COMMENTS = YES;
				CLANG_WARN_EMPTY_BODY = YES;
				CLANG_WARN_ENUM_CONVERSION = YES;
				CLANG_WARN_INFINITE_RECURSION = YES;
				CLANG_WARN_INT_CONVERSION = YES;
				CLANG_WARN_NON_LITERAL_NULL_CONVERSION = YES;
				CLANG_WARN_OBJC_IMPLICIT_RETAIN_SELF = YES;
				CLANG_WARN_OBJC_LITERAL_CONVERSION = YES;
				CLANG_WARN_OBJC_ROOT_CLASS = YES_ERROR;
				CLANG_WARN_QUOTED_INCLUDE_IN_FRAMEWORK_HEADER = YES;
				CLANG_WARN_RANGE_LOOP_ANALYSIS = YES;
				CLANG_WARN_STRICT_PROTOTYPES = YES;
				CLANG_WARN_SUSPICIOUS_MOVE = YES;
				CLANG_WARN_UNGUARDED_AVAILABILITY = YES_AGGRESSIVE;
				CLANG_WARN_UNREACHABLE_CODE = YES;
				CLANG_WARN__DUPLICATE_METHOD_MATCH = YES;
				COPY_PHASE_STRIP = NO;
				DEBUG_INFORMATION_FORMAT = dwarf;
				ENABLE_STRICT_OBJC_MSGSEND = YES;
				ENABLE_TESTABILITY = YES;
				ENABLE_USER_SCRIPT_SANDBOXING = YES;
				GCC_C_LANGUAGE_STANDARD = gnu17;
				GCC_DYNAMIC_NO_PIC = NO;
				GCC_NO_COMMON_BLOCKS = YES;
				GCC_OPTIMIZATION_LEVEL = 0;
				GCC_PREPROCESSOR_DEFINITIONS = (
					"DEBUG=1",
					"$(inherited)",
				);
				GCC_WARN_64_TO_32_BIT_CONVERSION = YES;
				GCC_WARN_ABOUT_RETURN_TYPE = YES_ERROR;
				GCC_WARN_UNDECLARED_SELECTOR = YES;
				GCC_WARN_UNINITIALIZED_AUTOS = YES_AGGRESSIVE;
				GCC_WARN_UNUSED_FUNCTION = YES;
				GCC_WARN_UNUSED_VARIABLE = YES;
				LOCALIZATION_PREFERS_STRING_CATALOGS = YES;
				MACOSX_DEPLOYMENT_TARGET = 14.4;
				MTL_ENABLE_DEBUG_INFO = INCLUDE_SOURCE;
				MTL_FAST_MATH = YES;
				ONLY_ACTIVE_ARCH = YES;
				SDKROOT = macosx;
				SWIFT_ACTIVE_COMPILATION_CONDITIONS = "DEBUG $(inherited)";
				SWIFT_OPTIMIZATION_LEVEL = "-Onone";
			};
			name = Debug;
		};
		463D46302CEE998D00140EC3 /* Release */ = {
			isa = XCBuildConfiguration;
			buildSettings = {
				ALWAYS_SEARCH_USER_PATHS = NO;
				ASSETCATALOG_COMPILER_GENERATE_SWIFT_ASSET_SYMBOL_EXTENSIONS = YES;
				CLANG_ANALYZER_NONNULL = YES;
				CLANG_ANALYZER_NUMBER_OBJECT_CONVERSION = YES_AGGRESSIVE;
				CLANG_CXX_LANGUAGE_STANDARD = "gnu++20";
				CLANG_ENABLE_MODULES = YES;
				CLANG_ENABLE_OBJC_ARC = YES;
				CLANG_ENABLE_OBJC_WEAK = YES;
				CLANG_WARN_BLOCK_CAPTURE_AUTORELEASING = YES;
				CLANG_WARN_BOOL_CONVERSION = YES;
				CLANG_WARN_COMMA = YES;
				CLANG_WARN_CONSTANT_CONVERSION = YES;
				CLANG_WARN_DEPRECATED_OBJC_IMPLEMENTATIONS = YES;
				CLANG_WARN_DIRECT_OBJC_ISA_USAGE = YES_ERROR;
				CLANG_WARN_DOCUMENTATION_COMMENTS = YES;
				CLANG_WARN_EMPTY_BODY = YES;
				CLANG_WARN_ENUM_CONVERSION = YES;
				CLANG_WARN_INFINITE_RECURSION = YES;
				CLANG_WARN_INT_CONVERSION = YES;
				CLANG_WARN_NON_LITERAL_NULL_CONVERSION = YES;
				CLANG_WARN_OBJC_IMPLICIT_RETAIN_SELF = YES;
				CLANG_WARN_OBJC_LITERAL_CONVERSION = YES;
				CLANG_WARN_OBJC_ROOT_CLASS = YES_ERROR;
				CLANG_WARN_QUOTED_INCLUDE_IN_FRAMEWORK_HEADER = YES;
				CLANG_WARN_RANGE_LOOP_ANALYSIS = YES;
				CLANG_WARN_STRICT_PROTOTYPES = YES;
				CLANG_WARN_SUSPICIOUS_MOVE = YES;
				CLANG_WARN_UNGUARDED_AVAILABILITY = YES_AGGRESSIVE;
				CLANG_WARN_UNREACHABLE_CODE = YES;
				CLANG_WARN__DUPLICATE_METHOD_MATCH = YES;
				COPY_PHASE_STRIP = NO;
				DEBUG_INFORMATION_FORMAT = "dwarf-with-dsym";
				ENABLE_NS_ASSERTIONS = NO;
				ENABLE_STRICT_OBJC_MSGSEND = YES;
				ENABLE_USER_SCRIPT_SANDBOXING = YES;
				GCC_C_LANGUAGE_STANDARD = gnu17;
				GCC_NO_COMMON_BLOCKS = YES;
				GCC_WARN_64_TO_32_BIT_CONVERSION = YES;
				GCC_WARN_ABOUT_RETURN_TYPE = YES_ERROR;
				GCC_WARN_UNDECLARED_SELECTOR = YES;
				GCC_WARN_UNINITIALIZED_AUTOS = YES_AGGRESSIVE;
				GCC_WARN_UNUSED_FUNCTION = YES;
				GCC_WARN_UNUSED_VARIABLE = YES;
				LOCALIZATION_PREFERS_STRING_CATALOGS = YES;
				MACOSX_DEPLOYMENT_TARGET = 14.4;
				MTL_ENABLE_DEBUG_INFO = NO;
				MTL_FAST_MATH = YES;
				SDKROOT = macosx;
				SWIFT_COMPILATION_MODE = wholemodule;
			};
			name = Release;
		};
		463D46322CEE998D00140EC3 /* Debug */ = {
			isa = XCBuildConfiguration;
			buildSettings = {
				ASSETCATALOG_COMPILER_APPICON_NAME = AppIcon;
				ASSETCATALOG_COMPILER_GLOBAL_ACCENT_COLOR_NAME = AccentColor;
				CLANG_ENABLE_MODULES = YES;
				CODE_SIGN_ENTITLEMENTS = SettingsDemo/SettingsDemo.entitlements;
				CODE_SIGN_STYLE = Automatic;
				COMBINE_HIDPI_IMAGES = YES;
				CURRENT_PROJECT_VERSION = 1;
				DEVELOPMENT_ASSET_PATHS = "\"SettingsDemo/Preview Content\"";
				DEVELOPMENT_TEAM = QDQ7CWKQQ6;
				ENABLE_HARDENED_RUNTIME = YES;
				ENABLE_PREVIEWS = YES;
				ENABLE_USER_SCRIPT_SANDBOXING = NO;
				GENERATE_INFOPLIST_FILE = YES;
				INFOPLIST_KEY_NSHumanReadableCopyright = "";
				LD_RUNPATH_SEARCH_PATHS = (
					"$(inherited)",
					"@executable_path/../Frameworks",
				);
				MARKETING_VERSION = 1.0;
				PRODUCT_BUNDLE_IDENTIFIER = com.russhwolf.settings.SettingsDemo;
				PRODUCT_NAME = "$(TARGET_NAME)";
				SWIFT_EMIT_LOC_STRINGS = YES;
				SWIFT_OPTIMIZATION_LEVEL = "-Onone";
				SWIFT_VERSION = 5.0;
			};
			name = Debug;
		};
		463D46332CEE998D00140EC3 /* Release */ = {
			isa = XCBuildConfiguration;
			buildSettings = {
				ASSETCATALOG_COMPILER_APPICON_NAME = AppIcon;
				ASSETCATALOG_COMPILER_GLOBAL_ACCENT_COLOR_NAME = AccentColor;
				CLANG_ENABLE_MODULES = YES;
				CODE_SIGN_ENTITLEMENTS = SettingsDemo/SettingsDemo.entitlements;
				CODE_SIGN_STYLE = Automatic;
				COMBINE_HIDPI_IMAGES = YES;
				CURRENT_PROJECT_VERSION = 1;
				DEVELOPMENT_ASSET_PATHS = "\"SettingsDemo/Preview Content\"";
				DEVELOPMENT_TEAM = QDQ7CWKQQ6;
				ENABLE_HARDENED_RUNTIME = YES;
				ENABLE_PREVIEWS = YES;
				ENABLE_USER_SCRIPT_SANDBOXING = NO;
				GENERATE_INFOPLIST_FILE = YES;
				INFOPLIST_KEY_NSHumanReadableCopyright = "";
				LD_RUNPATH_SEARCH_PATHS = (
					"$(inherited)",
					"@executable_path/../Frameworks",
				);
				MARKETING_VERSION = 1.0;
				PRODUCT_BUNDLE_IDENTIFIER = com.russhwolf.settings.SettingsDemo;
				PRODUCT_NAME = "$(TARGET_NAME)";
				SWIFT_EMIT_LOC_STRINGS = YES;
				SWIFT_VERSION = 5.0;
			};
			name = Release;
		};
		463D46352CEE998D00140EC3 /* Debug */ = {
			isa = XCBuildConfiguration;
			buildSettings = {
				ALWAYS_EMBED_SWIFT_STANDARD_LIBRARIES = YES;
				BUNDLE_LOADER = "$(TEST_HOST)";
				"CODE_SIGN_IDENTITY[sdk=macosx*]" = "Apple Development";
				CODE_SIGN_STYLE = Automatic;
				CURRENT_PROJECT_VERSION = 1;
				DEVELOPMENT_TEAM = QDQ7CWKQQ6;
				GENERATE_INFOPLIST_FILE = YES;
				MACOSX_DEPLOYMENT_TARGET = 14.4;
				MARKETING_VERSION = 1.0;
				PRODUCT_BUNDLE_IDENTIFIER = com.russhwolf.settings.SettingsDemoTests;
				PRODUCT_NAME = "$(TARGET_NAME)";
				SWIFT_EMIT_LOC_STRINGS = NO;
				SWIFT_VERSION = 5.0;
				TEST_HOST = "$(BUILT_PRODUCTS_DIR)/SettingsDemo.app/$(BUNDLE_EXECUTABLE_FOLDER_PATH)/SettingsDemo";
			};
			name = Debug;
		};
		463D46362CEE998D00140EC3 /* Release */ = {
			isa = XCBuildConfiguration;
			buildSettings = {
				ALWAYS_EMBED_SWIFT_STANDARD_LIBRARIES = YES;
				BUNDLE_LOADER = "$(TEST_HOST)";
				"CODE_SIGN_IDENTITY[sdk=macosx*]" = "Apple Development";
				CODE_SIGN_STYLE = Automatic;
				CURRENT_PROJECT_VERSION = 1;
				DEVELOPMENT_TEAM = QDQ7CWKQQ6;
				GENERATE_INFOPLIST_FILE = YES;
				MACOSX_DEPLOYMENT_TARGET = 14.4;
				MARKETING_VERSION = 1.0;
				PRODUCT_BUNDLE_IDENTIFIER = com.russhwolf.settings.SettingsDemoTests;
				PRODUCT_NAME = "$(TARGET_NAME)";
				SWIFT_EMIT_LOC_STRINGS = NO;
				SWIFT_VERSION = 5.0;
				TEST_HOST = "$(BUILT_PRODUCTS_DIR)/SettingsDemo.app/$(BUNDLE_EXECUTABLE_FOLDER_PATH)/SettingsDemo";
			};
			name = Release;
		};
		463D46382CEE998D00140EC3 /* Debug */ = {
			isa = XCBuildConfiguration;
			buildSettings = {
				ALWAYS_EMBED_SWIFT_STANDARD_LIBRARIES = YES;
				CODE_SIGN_STYLE = Automatic;
				CURRENT_PROJECT_VERSION = 1;
				DEVELOPMENT_TEAM = QDQ7CWKQQ6;
				GENERATE_INFOPLIST_FILE = YES;
				MARKETING_VERSION = 1.0;
				PRODUCT_BUNDLE_IDENTIFIER = com.russhwolf.settings.SettingsDemoUITests;
				PRODUCT_NAME = "$(TARGET_NAME)";
				SWIFT_EMIT_LOC_STRINGS = NO;
				SWIFT_VERSION = 5.0;
				TEST_TARGET_NAME = SettingsDemo;
			};
			name = Debug;
		};
		463D46392CEE998D00140EC3 /* Release */ = {
			isa = XCBuildConfiguration;
			buildSettings = {
				ALWAYS_EMBED_SWIFT_STANDARD_LIBRARIES = YES;
				CODE_SIGN_STYLE = Automatic;
				CURRENT_PROJECT_VERSION = 1;
				DEVELOPMENT_TEAM = QDQ7CWKQQ6;
				GENERATE_INFOPLIST_FILE = YES;
				MARKETING_VERSION = 1.0;
				PRODUCT_BUNDLE_IDENTIFIER = com.russhwolf.settings.SettingsDemoUITests;
				PRODUCT_NAME = "$(TARGET_NAME)";
				SWIFT_EMIT_LOC_STRINGS = NO;
				SWIFT_VERSION = 5.0;
				TEST_TARGET_NAME = SettingsDemo;
			};
			name = Release;
		};
/* End XCBuildConfiguration section */

/* Begin XCConfigurationList section */
		463D46072CEE998A00140EC3 /* Build configuration list for PBXProject "SettingsDemo" */ = {
			isa = XCConfigurationList;
			buildConfigurations = (
				463D462F2CEE998D00140EC3 /* Debug */,
				463D46302CEE998D00140EC3 /* Release */,
			);
			defaultConfigurationIsVisible = 0;
			defaultConfigurationName = Release;
		};
		463D46312CEE998D00140EC3 /* Build configuration list for PBXNativeTarget "SettingsDemo" */ = {
			isa = XCConfigurationList;
			buildConfigurations = (
				463D46322CEE998D00140EC3 /* Debug */,
				463D46332CEE998D00140EC3 /* Release */,
			);
			defaultConfigurationIsVisible = 0;
			defaultConfigurationName = Release;
		};
		463D46342CEE998D00140EC3 /* Build configuration list for PBXNativeTarget "SettingsDemoTests" */ = {
			isa = XCConfigurationList;
			buildConfigurations = (
				463D46352CEE998D00140EC3 /* Debug */,
				463D46362CEE998D00140EC3 /* Release */,
			);
			defaultConfigurationIsVisible = 0;
			defaultConfigurationName = Release;
		};
		463D46372CEE998D00140EC3 /* Build configuration list for PBXNativeTarget "SettingsDemoUITests" */ = {
			isa = XCConfigurationList;
			buildConfigurations = (
				463D46382CEE998D00140EC3 /* Debug */,
				463D46392CEE998D00140EC3 /* Release */,
			);
			defaultConfigurationIsVisible = 0;
			defaultConfigurationName = Release;
		};
/* End XCConfigurationList section */
	};
	rootObject = 463D46042CEE998A00140EC3 /* Project object */;
}
